
Microsoft Visual Studio Solution File, Format Version 12.00
# Visual Studio Version 17
VisualStudioVersion = 17.5.33516.290
MinimumVisualStudioVersion = 10.0.40219.1
Project("{FAE04EC0-301F-11D3-BF4B-00C04F79EFBC}") = "RoyalPizza.Tradier", "RoyalPizza.Tradier\RoyalPizza.Tradier.csproj", "{ACDFF6FF-8EEF-457F-B557-746CA2F43ED5}"
EndProject
Global
	GlobalSection(SolutionConfigurationPlatforms) = preSolution
		Debug|Any CPU = Debug|Any CPU
		Release|Any CPU = Release|Any CPU
	EndGlobalSection
	GlobalSection(ProjectConfigurationPlatforms) = postSolution
		{ACDFF6FF-8EEF-457F-B557-746CA2F43ED5}.Debug|Any CPU.ActiveCfg = Debug|Any CPU
		{ACDFF6FF-8EEF-457F-B557-746CA2F43ED5}.Debug|Any CPU.Build.0 = Debug|Any CPU
		{ACDFF6FF-8EEF-457F-B557-746CA2F43ED5}.Release|Any CPU.ActiveCfg = Release|Any CPU
		{ACDFF6FF-8EEF-457F-B557-746CA2F43ED5}.Release|Any CPU.Build.0 = Release|Any CPU
	EndGlobalSection
	GlobalSection(SolutionProperties) = preSolution
		HideSolutionNode = FALSE
	EndGlobalSection
	GlobalSection(ExtensibilityGlobals) = postSolution
		SolutionGuid = {8E40A462-E486-4399-BE0D-11E3E6FC2DCB}
	EndGlobalSection
EndGlobal
